// !$*UTF8*$!
{
	archiveVersion = 1;
	classes = {
	};
	objectVersion = 50;
	objects = {

/* Begin PBXBuildFile section */
		5DAAE80A252D063E006F9835 /* AppDelegate.swift in Sources */ = {isa = PBXBuildFile; fileRef = 5DAAE809252D063E006F9835 /* AppDelegate.swift */; };
		5DAAE80C252D063E006F9835 /* SceneDelegate.swift in Sources */ = {isa = PBXBuildFile; fileRef = 5DAAE80B252D063E006F9835 /* SceneDelegate.swift */; };
		5DAAE80E252D063E006F9835 /* ViewController.swift in Sources */ = {isa = PBXBuildFile; fileRef = 5DAAE80D252D063E006F9835 /* ViewController.swift */; };
		5DAAE811252D063E006F9835 /* Main.storyboard in Resources */ = {isa = PBXBuildFile; fileRef = 5DAAE80F252D063E006F9835 /* Main.storyboard */; };
		5DAAE813252D0640006F9835 /* Assets.xcassets in Resources */ = {isa = PBXBuildFile; fileRef = 5DAAE812252D0640006F9835 /* Assets.xcassets */; };
		5DAAE816252D0640006F9835 /* LaunchScreen.storyboard in Resources */ = {isa = PBXBuildFile; fileRef = 5DAAE814252D0640006F9835 /* LaunchScreen.storyboard */; };
		5DAAE81E252D14EA006F9835 /* CalculateViewController.swift in Sources */ = {isa = PBXBuildFile; fileRef = 5DAAE81D252D14EA006F9835 /* CalculateViewController.swift */; };
/* End PBXBuildFile section */

/* Begin PBXFileReference section */
		5DAAE806252D063E006F9835 /* LalsinghaniNirav-HW4.app */ = {isa = PBXFileReference; explicitFileType = wrapper.application; includeInIndex = 0; path = "LalsinghaniNirav-HW4.app"; sourceTree = BUILT_PRODUCTS_DIR; };
		5DAAE809252D063E006F9835 /* AppDelegate.swift */ = {isa = PBXFileReference; lastKnownFileType = sourcecode.swift; path = AppDelegate.swift; sourceTree = "<group>"; };
		5DAAE80B252D063E006F9835 /* SceneDelegate.swift */ = {isa = PBXFileReference; lastKnownFileType = sourcecode.swift; path = SceneDelegate.swift; sourceTree = "<group>"; };
		5DAAE80D252D063E006F9835 /* ViewController.swift */ = {isa = PBXFileReference; lastKnownFileType = sourcecode.swift; path = ViewController.swift; sourceTree = "<group>"; };
		5DAAE810252D063E006F9835 /* Base */ = {isa = PBXFileReference; lastKnownFileType = file.storyboard; name = Base; path = Base.lproj/Main.storyboard; sourceTree = "<group>"; };
		5DAAE812252D0640006F9835 /* Assets.xcassets */ = {isa = PBXFileReference; lastKnownFileType = folder.assetcatalog; path = Assets.xcassets; sourceTree = "<group>"; };
		5DAAE815252D0640006F9835 /* Base */ = {isa = PBXFileReference; lastKnownFileType = file.storyboard; name = Base; path = Base.lproj/LaunchScreen.storyboard; sourceTree = "<group>"; };
		5DAAE817252D0640006F9835 /* Info.plist */ = {isa = PBXFileReference; lastKnownFileType = text.plist.xml; path = Info.plist; sourceTree = "<group>"; };
		5DAAE81D252D14EA006F9835 /* CalculateViewController.swift */ = {isa = PBXFileReference; lastKnownFileType = sourcecode.swift; path = CalculateViewController.swift; sourceTree = "<group>"; };
/* End PBXFileReference section */

/* Begin PBXFrameworksBuildPhase section */
		5DAAE803252D063E006F9835 /* Frameworks */ = {
			isa = PBXFrameworksBuildPhase;
			buildActionMask = 2147483647;
			files = (
			);
			runOnlyForDeploymentPostprocessing = 0;
		};
/* End PBXFrameworksBuildPhase section */

/* Begin PBXGroup section */
		5DAAE7FD252D063E006F9835 = {
			isa = PBXGroup;
			children = (
				5DAAE808252D063E006F9835 /* LalsinghaniNirav-HW4 */,
				5DAAE807252D063E006F9835 /* Products */,
			);
			sourceTree = "<group>";
		};
		5DAAE807252D063E006F9835 /* Products */ = {
			isa = PBXGroup;
			children = (
				5DAAE806252D063E006F9835 /* LalsinghaniNirav-HW4.app */,
			);
			name = Products;
			sourceTree = "<group>";
		};
		5DAAE808252D063E006F9835 /* LalsinghaniNirav-HW4 */ = {
			isa = PBXGroup;
			children = (
				5DAAE809252D063E006F9835 /* AppDelegate.swift */,
				5DAAE80B252D063E006F9835 /* SceneDelegate.swift */,
				5DAAE80D252D063E006F9835 /* ViewController.swift */,
				5DAAE80F252D063E006F9835 /* Main.storyboard */,
				5DAAE81D252D14EA006F9835 /* CalculateViewController.swift */,
				5DAAE812252D0640006F9835 /* Assets.xcassets */,
				5DAAE814252D0640006F9835 /* LaunchScreen.storyboard */,
				5DAAE817252D0640006F9835 /* Info.plist */,
			);
			path = "LalsinghaniNirav-HW4";
			sourceTree = "<group>";
		};
/* End PBXGroup section */

/* Begin PBXNativeTarget section */
		5DAAE805252D063E006F9835 /* LalsinghaniNirav-HW4 */ = {
			isa = PBXNativeTarget;
			buildConfigurationList = 5DAAE81A252D0640006F9835 /* Build configuration list for PBXNativeTarget "LalsinghaniNirav-HW4" */;
			buildPhases = (
				5DAAE802252D063E006F9835 /* Sources */,
				5DAAE803252D063E006F9835 /* Frameworks */,
				5DAAE804252D063E006F9835 /* Resources */,
			);
			buildRules = (
			);
			dependencies = (
			);
			name = "LalsinghaniNirav-HW4";
			productName = "LalsinghaniNirav-HW4";
			productReference = 5DAAE806252D063E006F9835 /* LalsinghaniNirav-HW4.app */;
			productType = "com.apple.product-type.application";
		};
/* End PBXNativeTarget section */

/* Begin PBXProject section */
		5DAAE7FE252D063E006F9835 /* Project object */ = {
			isa = PBXProject;
			attributes = {
				LastSwiftUpdateCheck = 1170;
				LastUpgradeCheck = 1170;
				ORGANIZATIONNAME = "Nirav Lalsinghani";
				TargetAttributes = {
					5DAAE805252D063E006F9835 = {
						CreatedOnToolsVersion = 11.7;
					};
				};
			};
			buildConfigurationList = 5DAAE801252D063E006F9835 /* Build configuration list for PBXProject "LalsinghaniNirav-HW4" */;
			compatibilityVersion = "Xcode 9.3";
			developmentRegion = en;
			hasScannedForEncodings = 0;
			knownRegions = (
				en,
				Base,
			);
			mainGroup = 5DAAE7FD252D063E006F9835;
			productRefGroup = 5DAAE807252D063E006F9835 /* Products */;
			projectDirPath = "";
			projectRoot = "";
			targets = (
				5DAAE805252D063E006F9835 /* LalsinghaniNirav-HW4 */,
			);
		};
/* End PBXProject section */

/* Begin PBXResourcesBuildPhase section */
		5DAAE804252D063E006F9835 /* Resources */ = {
			isa = PBXResourcesBuildPhase;
			buildActionMask = 2147483647;
			files = (
				5DAAE816252D0640006F9835 /* LaunchScreen.storyboard in Resources */,
				5DAAE813252D0640006F9835 /* Assets.xcassets in Resources */,
				5DAAE811252D063E006F9835 /* Main.storyboard in Resources */,
			);
			runOnlyForDeploymentPostprocessing = 0;
		};
/* End PBXResourcesBuildPhase section */

/* Begin PBXSourcesBuildPhase section */
		5DAAE802252D063E006F9835 /* Sources */ = {
			isa = PBXSourcesBuildPhase;
			buildActionMask = 2147483647;
			files = (
				5DAAE80E252D063E006F9835 /* ViewController.swift in Sources */,
				5DAAE81E252D14EA006F9835 /* CalculateViewController.swift in Sources */,
				5DAAE80A252D063E006F9835 /* AppDelegate.swift in Sources */,
				5DAAE80C252D063E006F9835 /* SceneDelegate.swift in Sources */,
			);
			runOnlyForDeploymentPostprocessing = 0;
		};
/* End PBXSourcesBuildPhase section */

/* Begin PBXVariantGroup section */
		5DAAE80F252D063E006F9835 /* Main.storyboard */ = {
			isa = PBXVariantGroup;
			children = (
				5DAAE810252D063E006F9835 /* Base */,
			);
			name = Main.storyboard;
			sourceTree = "<group>";
		};
		5DAAE814252D0640006F9835 /* LaunchScreen.storyboard */ = {
			isa = PBXVariantGroup;
			children = (
				5DAAE815252D0640006F9835 /* Base */,
			);
			name = LaunchScreen.storyboard;
			sourceTree = "<group>";
		};
/* End PBXVariantGroup section */

/* Begin XCBuildConfiguration section */
		5DAAE818252D0640006F9835 /* Debug */ = {
			isa = XCBuildConfiguration;
			buildSettings = {
				ALWAYS_SEARCH_USER_PATHS = NO;
				CLANG_ANALYZER_NONNULL = YES;
				CLANG_ANALYZER_NUMBER_OBJECT_CONVERSION = YES_AGGRESSIVE;
				CLANG_CXX_LANGUAGE_STANDARD = "gnu++14";
				CLANG_CXX_LIBRARY = "libc++";
				CLANG_ENABLE_MODULES = YES;
				CLANG_ENABLE_OBJC_ARC = YES;
				CLANG_ENABLE_OBJC_WEAK = YES;
				CLANG_WARN_BLOCK_CAPTURE_AUTORELEASING = YES;
				CLANG_WARN_BOOL_CONVERSION = YES;
				CLANG_WARN_COMMA = YES;
				CLANG_WARN_CONSTANT_CONVERSION = YES;
				CLANG_WARN_DEPRECATED_OBJC_IMPLEMENTATIONS = YES;
				CLANG_WARN_DIRECT_OBJC_ISA_USAGE = YES_ERROR;
				CLANG_WARN_DOCUMENTATION_COMMENTS = YES;
				CLANG_WARN_EMPTY_BODY = YES;
				CLANG_WARN_ENUM_CONVERSION = YES;
				CLANG_WARN_INFINITE_RECURSION = YES;
				CLANG_WARN_INT_CONVERSION = YES;
				CLANG_WARN_NON_LITERAL_NULL_CONVERSION = YES;
				CLANG_WARN_OBJC_IMPLICIT_RETAIN_SELF = YES;
				CLANG_WARN_OBJC_LITERAL_CONVERSION = YES;
				CLANG_WARN_OBJC_ROOT_CLASS = YES_ERROR;
				CLANG_WARN_RANGE_LOOP_ANALYSIS = YES;
				CLANG_WARN_STRICT_PROTOTYPES = YES;
				CLANG_WARN_SUSPICIOUS_MOVE = YES;
				CLANG_WARN_UNGUARDED_AVAILABILITY = YES_AGGRESSIVE;
				CLANG_WARN_UNREACHABLE_CODE = YES;
				CLANG_WARN__DUPLICATE_METHOD_MATCH = YES;
				COPY_PHASE_STRIP = NO;
				DEBUG_INFORMATION_FORMAT = dwarf;
				ENABLE_STRICT_OBJC_MSGSEND = YES;
				ENABLE_TESTABILITY = YES;
				GCC_C_LANGUAGE_STANDARD = gnu11;
				GCC_DYNAMIC_NO_PIC = NO;
				GCC_NO_COMMON_BLOCKS = YES;
				GCC_OPTIMIZATION_LEVEL = 0;
				GCC_PREPROCESSOR_DEFINITIONS = (
					"DEBUG=1",
					"$(inherited)",
				);
				GCC_WARN_64_TO_32_BIT_CONVERSION = YES;
				GCC_WARN_ABOUT_RETURN_TYPE = YES_ERROR;
				GCC_WARN_UNDECLARED_SELECTOR = YES;
				GCC_WARN_UNINITIALIZED_AUTOS = YES_AGGRESSIVE;
				GCC_WARN_UNUSED_FUNCTION = YES;
				GCC_WARN_UNUSED_VARIABLE = YES;
				IPHONEOS_DEPLOYMENT_TARGET = 13.7;
				MTL_ENABLE_DEBUG_INFO = INCLUDE_SOURCE;
				MTL_FAST_MATH = YES;
				ONLY_ACTIVE_ARCH = YES;
				SDKROOT = iphoneos;
				SWIFT_ACTIVE_COMPILATION_CONDITIONS = DEBUG;
				SWIFT_OPTIMIZATION_LEVEL = "-Onone";
			};
			name = Debug;
		};
		5DAAE819252D0640006F9835 /* Release */ = {
			isa = XCBuildConfiguration;
			buildSettings = {
				ALWAYS_SEARCH_USER_PATHS = NO;
				CLANG_ANALYZER_NONNULL = YES;
				CLANG_ANALYZER_NUMBER_OBJECT_CONVERSION = YES_AGGRESSIVE;
				CLANG_CXX_LANGUAGE_STANDARD = "gnu++14";
				CLANG_CXX_LIBRARY = "libc++";
				CLANG_ENABLE_MODULES = YES;
				CLANG_ENABLE_OBJC_ARC = YES;
				CLANG_ENABLE_OBJC_WEAK = YES;
				CLANG_WARN_BLOCK_CAPTURE_AUTORELEASING = YES;
				CLANG_WARN_BOOL_CONVERSION = YES;
				CLANG_WARN_COMMA = YES;
				CLANG_WARN_CONSTANT_CONVERSION = YES;
				CLANG_WARN_DEPRECATED_OBJC_IMPLEMENTATIONS = YES;
				CLANG_WARN_DIRECT_OBJC_ISA_USAGE = YES_ERROR;
				CLANG_WARN_DOCUMENTATION_COMMENTS = YES;
				CLANG_WARN_EMPTY_BODY = YES;
				CLANG_WARN_ENUM_CONVERSION = YES;
				CLANG_WARN_INFINITE_RECURSION = YES;
				CLANG_WARN_INT_CONVERSION = YES;
				CLANG_WARN_NON_LITERAL_NULL_CONVERSION = YES;
				CLANG_WARN_OBJC_IMPLICIT_RETAIN_SELF = YES;
				CLANG_WARN_OBJC_LITERAL_CONVERSION = YES;
				CLANG_WARN_OBJC_ROOT_CLASS = YES_ERROR;
				CLANG_WARN_RANGE_LOOP_ANALYSIS = YES;
				CLANG_WARN_STRICT_PROTOTYPES = YES;
				CLANG_WARN_SUSPICIOUS_MOVE = YES;
				CLANG_WARN_UNGUARDED_AVAILABILITY = YES_AGGRESSIVE;
				CLANG_WARN_UNREACHABLE_CODE = YES;
				CLANG_WARN__DUPLICATE_METHOD_MATCH = YES;
				COPY_PHASE_STRIP = NO;
				DEBUG_INFORMATION_FORMAT = "dwarf-with-dsym";
				ENABLE_NS_ASSERTIONS = NO;
				ENABLE_STRICT_OBJC_MSGSEND = YES;
				GCC_C_LANGUAGE_STANDARD = gnu11;
				GCC_NO_COMMON_BLOCKS = YES;
				GCC_WARN_64_TO_32_BIT_CONVERSION = YES;
				GCC_WARN_ABOUT_RETURN_TYPE = YES_ERROR;
				GCC_WARN_UNDECLARED_SELECTOR = YES;
				GCC_WARN_UNINITIALIZED_AUTOS = YES_AGGRESSIVE;
				GCC_WARN_UNUSED_FUNCTION = YES;
				GCC_WARN_UNUSED_VARIABLE = YES;
				IPHONEOS_DEPLOYMENT_TARGET = 13.7;
				MTL_ENABLE_DEBUG_INFO = NO;
				MTL_FAST_MATH = YES;
				SDKROOT = iphoneos;
				SWIFT_COMPILATION_MODE = wholemodule;
				SWIFT_OPTIMIZATION_LEVEL = "-O";
				VALIDATE_PRODUCT = YES;
			};
			name = Release;
		};
		5DAAE81B252D0640006F9835 /* Debug */ = {
			isa = XCBuildConfiguration;
			buildSettings = {
				ASSETCATALOG_COMPILER_APPICON_NAME = AppIcon;
				CODE_SIGN_STYLE = Automatic;
				INFOPLIST_FILE = "LalsinghaniNirav-HW4/Info.plist";
				LD_RUNPATH_SEARCH_PATHS = (
					"$(inherited)",
					"@executable_path/Frameworks",
				);
				PRODUCT_BUNDLE_IDENTIFIER = "nvl225.LalsinghaniNirav-HW4";
				PRODUCT_NAME = "$(TARGET_NAME)";
				SWIFT_VERSION = 5.0;
				TARGETED_DEVICE_FAMILY = "1,2";
			};
			name = Debug;
		};
		5DAAE81C252D0640006F9835 /* Release */ = {
			isa = XCBuildConfiguration;
			buildSettings = {
				ASSETCATALOG_COMPILER_APPICON_NAME = AppIcon;
				CODE_SIGN_STYLE = Automatic;
				INFOPLIST_FILE = "LalsinghaniNirav-HW4/Info.plist";
				LD_RUNPATH_SEARCH_PATHS = (
					"$(inherited)",
					"@executable_path/Frameworks",
				);
				PRODUCT_BUNDLE_IDENTIFIER = "nvl225.LalsinghaniNirav-HW4";
				PRODUCT_NAME = "$(TARGET_NAME)";
				SWIFT_VERSION = 5.0;
				TARGETED_DEVICE_FAMILY = "1,2";
			};
			name = Release;
		};
/* End XCBuildConfiguration section */

/* Begin XCConfigurationList section */
		5DAAE801252D063E006F9835 /* Build configuration list for PBXProject "LalsinghaniNirav-HW4" */ = {
			isa = XCConfigurationList;
			buildConfigurations = (
				5DAAE818252D0640006F9835 /* Debug */,
				5DAAE819252D0640006F9835 /* Release */,
			);
			defaultConfigurationIsVisible = 0;
			defaultConfigurationName = Release;
		};
		5DAAE81A252D0640006F9835 /* Build configuration list for PBXNativeTarget "LalsinghaniNirav-HW4" */ = {
			isa = XCConfigurationList;
			buildConfigurations = (
				5DAAE81B252D0640006F9835 /* Debug */,
				5DAAE81C252D0640006F9835 /* Release */,
			);
			defaultConfigurationIsVisible = 0;
			defaultConfigurationName = Release;
		};
/* End XCConfigurationList section */
	};
	rootObject = 5DAAE7FE252D063E006F9835 /* Project object */;
}
