// !$*UTF8*$!
{
	archiveVersion = 1;
	classes = {
	};
	objectVersion = 50;
	objects = {

/* Begin PBXBuildFile section */
		5D8E08742564887F00AC6ADF /* AppDelegate.swift in Sources */ = {isa = PBXBuildFile; fileRef = 5D8E08732564887F00AC6ADF /* AppDelegate.swift */; };
		5D8E08762564887F00AC6ADF /* SceneDelegate.swift in Sources */ = {isa = PBXBuildFile; fileRef = 5D8E08752564887F00AC6ADF /* SceneDelegate.swift */; };
		5D8E08782564887F00AC6ADF /* ContentView.swift in Sources */ = {isa = PBXBuildFile; fileRef = 5D8E08772564887F00AC6ADF /* ContentView.swift */; };
		5D8E087A2564888200AC6ADF /* Assets.xcassets in Resources */ = {isa = PBXBuildFile; fileRef = 5D8E08792564888200AC6ADF /* Assets.xcassets */; };
		5D8E087D2564888200AC6ADF /* Preview Assets.xcassets in Resources */ = {isa = PBXBuildFile; fileRef = 5D8E087C2564888200AC6ADF /* Preview Assets.xcassets */; };
		5D8E08802564888200AC6ADF /* LaunchScreen.storyboard in Resources */ = {isa = PBXBuildFile; fileRef = 5D8E087E2564888200AC6ADF /* LaunchScreen.storyboard */; };
		5D8E088B2564888200AC6ADF /* LalsinghaniNirav_HW10Tests.swift in Sources */ = {isa = PBXBuildFile; fileRef = 5D8E088A2564888200AC6ADF /* LalsinghaniNirav_HW10Tests.swift */; };
		5D8E08962564888200AC6ADF /* LalsinghaniNirav_HW10UITests.swift in Sources */ = {isa = PBXBuildFile; fileRef = 5D8E08952564888200AC6ADF /* LalsinghaniNirav_HW10UITests.swift */; };
/* End PBXBuildFile section */

/* Begin PBXContainerItemProxy section */
		5D8E08872564888200AC6ADF /* PBXContainerItemProxy */ = {
			isa = PBXContainerItemProxy;
			containerPortal = 5D8E08682564887F00AC6ADF /* Project object */;
			proxyType = 1;
			remoteGlobalIDString = 5D8E086F2564887F00AC6ADF;
			remoteInfo = "LalsinghaniNirav-HW10";
		};
		5D8E08922564888200AC6ADF /* PBXContainerItemProxy */ = {
			isa = PBXContainerItemProxy;
			containerPortal = 5D8E08682564887F00AC6ADF /* Project object */;
			proxyType = 1;
			remoteGlobalIDString = 5D8E086F2564887F00AC6ADF;
			remoteInfo = "LalsinghaniNirav-HW10";
		};
/* End PBXContainerItemProxy section */

/* Begin PBXFileReference section */
		5D8E08702564887F00AC6ADF /* LalsinghaniNirav-HW10.app */ = {isa = PBXFileReference; explicitFileType = wrapper.application; includeInIndex = 0; path = "LalsinghaniNirav-HW10.app"; sourceTree = BUILT_PRODUCTS_DIR; };
		5D8E08732564887F00AC6ADF /* AppDelegate.swift */ = {isa = PBXFileReference; lastKnownFileType = sourcecode.swift; path = AppDelegate.swift; sourceTree = "<group>"; };
		5D8E08752564887F00AC6ADF /* SceneDelegate.swift */ = {isa = PBXFileReference; lastKnownFileType = sourcecode.swift; path = SceneDelegate.swift; sourceTree = "<group>"; };
		5D8E08772564887F00AC6ADF /* ContentView.swift */ = {isa = PBXFileReference; lastKnownFileType = sourcecode.swift; path = ContentView.swift; sourceTree = "<group>"; };
		5D8E08792564888200AC6ADF /* Assets.xcassets */ = {isa = PBXFileReference; lastKnownFileType = folder.assetcatalog; path = Assets.xcassets; sourceTree = "<group>"; };
		5D8E087C2564888200AC6ADF /* Preview Assets.xcassets */ = {isa = PBXFileReference; lastKnownFileType = folder.assetcatalog; path = "Preview Assets.xcassets"; sourceTree = "<group>"; };
		5D8E087F2564888200AC6ADF /* Base */ = {isa = PBXFileReference; lastKnownFileType = file.storyboard; name = Base; path = Base.lproj/LaunchScreen.storyboard; sourceTree = "<group>"; };
		5D8E08812564888200AC6ADF /* Info.plist */ = {isa = PBXFileReference; lastKnownFileType = text.plist.xml; path = Info.plist; sourceTree = "<group>"; };
		5D8E08862564888200AC6ADF /* LalsinghaniNirav-HW10Tests.xctest */ = {isa = PBXFileReference; explicitFileType = wrapper.cfbundle; includeInIndex = 0; path = "LalsinghaniNirav-HW10Tests.xctest"; sourceTree = BUILT_PRODUCTS_DIR; };
		5D8E088A2564888200AC6ADF /* LalsinghaniNirav_HW10Tests.swift */ = {isa = PBXFileReference; lastKnownFileType = sourcecode.swift; path = LalsinghaniNirav_HW10Tests.swift; sourceTree = "<group>"; };
		5D8E088C2564888200AC6ADF /* Info.plist */ = {isa = PBXFileReference; lastKnownFileType = text.plist.xml; path = Info.plist; sourceTree = "<group>"; };
		5D8E08912564888200AC6ADF /* LalsinghaniNirav-HW10UITests.xctest */ = {isa = PBXFileReference; explicitFileType = wrapper.cfbundle; includeInIndex = 0; path = "LalsinghaniNirav-HW10UITests.xctest"; sourceTree = BUILT_PRODUCTS_DIR; };
		5D8E08952564888200AC6ADF /* LalsinghaniNirav_HW10UITests.swift */ = {isa = PBXFileReference; lastKnownFileType = sourcecode.swift; path = LalsinghaniNirav_HW10UITests.swift; sourceTree = "<group>"; };
		5D8E08972564888200AC6ADF /* Info.plist */ = {isa = PBXFileReference; lastKnownFileType = text.plist.xml; path = Info.plist; sourceTree = "<group>"; };
/* End PBXFileReference section */

/* Begin PBXFrameworksBuildPhase section */
		5D8E086D2564887F00AC6ADF /* Frameworks */ = {
			isa = PBXFrameworksBuildPhase;
			buildActionMask = 2147483647;
			files = (
			);
			runOnlyForDeploymentPostprocessing = 0;
		};
		5D8E08832564888200AC6ADF /* Frameworks */ = {
			isa = PBXFrameworksBuildPhase;
			buildActionMask = 2147483647;
			files = (
			);
			runOnlyForDeploymentPostprocessing = 0;
		};
		5D8E088E2564888200AC6ADF /* Frameworks */ = {
			isa = PBXFrameworksBuildPhase;
			buildActionMask = 2147483647;
			files = (
			);
			runOnlyForDeploymentPostprocessing = 0;
		};
/* End PBXFrameworksBuildPhase section */

/* Begin PBXGroup section */
		5D8E08672564887F00AC6ADF = {
			isa = PBXGroup;
			children = (
				5D8E08722564887F00AC6ADF /* LalsinghaniNirav-HW10 */,
				5D8E08892564888200AC6ADF /* LalsinghaniNirav-HW10Tests */,
				5D8E08942564888200AC6ADF /* LalsinghaniNirav-HW10UITests */,
				5D8E08712564887F00AC6ADF /* Products */,
			);
			sourceTree = "<group>";
		};
		5D8E08712564887F00AC6ADF /* Products */ = {
			isa = PBXGroup;
			children = (
				5D8E08702564887F00AC6ADF /* LalsinghaniNirav-HW10.app */,
				5D8E08862564888200AC6ADF /* LalsinghaniNirav-HW10Tests.xctest */,
				5D8E08912564888200AC6ADF /* LalsinghaniNirav-HW10UITests.xctest */,
			);
			name = Products;
			sourceTree = "<group>";
		};
		5D8E08722564887F00AC6ADF /* LalsinghaniNirav-HW10 */ = {
			isa = PBXGroup;
			children = (
				5D8E08732564887F00AC6ADF /* AppDelegate.swift */,
				5D8E08752564887F00AC6ADF /* SceneDelegate.swift */,
				5D8E08772564887F00AC6ADF /* ContentView.swift */,
				5D8E08792564888200AC6ADF /* Assets.xcassets */,
				5D8E087E2564888200AC6ADF /* LaunchScreen.storyboard */,
				5D8E08812564888200AC6ADF /* Info.plist */,
				5D8E087B2564888200AC6ADF /* Preview Content */,
			);
			path = "LalsinghaniNirav-HW10";
			sourceTree = "<group>";
		};
		5D8E087B2564888200AC6ADF /* Preview Content */ = {
			isa = PBXGroup;
			children = (
				5D8E087C2564888200AC6ADF /* Preview Assets.xcassets */,
			);
			path = "Preview Content";
			sourceTree = "<group>";
		};
		5D8E08892564888200AC6ADF /* LalsinghaniNirav-HW10Tests */ = {
			isa = PBXGroup;
			children = (
				5D8E088A2564888200AC6ADF /* LalsinghaniNirav_HW10Tests.swift */,
				5D8E088C2564888200AC6ADF /* Info.plist */,
			);
			path = "LalsinghaniNirav-HW10Tests";
			sourceTree = "<group>";
		};
		5D8E08942564888200AC6ADF /* LalsinghaniNirav-HW10UITests */ = {
			isa = PBXGroup;
			children = (
				5D8E08952564888200AC6ADF /* LalsinghaniNirav_HW10UITests.swift */,
				5D8E08972564888200AC6ADF /* Info.plist */,
			);
			path = "LalsinghaniNirav-HW10UITests";
			sourceTree = "<group>";
		};
/* End PBXGroup section */

/* Begin PBXNativeTarget section */
		5D8E086F2564887F00AC6ADF /* LalsinghaniNirav-HW10 */ = {
			isa = PBXNativeTarget;
			buildConfigurationList = 5D8E089A2564888200AC6ADF /* Build configuration list for PBXNativeTarget "LalsinghaniNirav-HW10" */;
			buildPhases = (
				5D8E086C2564887F00AC6ADF /* Sources */,
				5D8E086D2564887F00AC6ADF /* Frameworks */,
				5D8E086E2564887F00AC6ADF /* Resources */,
			);
			buildRules = (
			);
			dependencies = (
			);
			name = "LalsinghaniNirav-HW10";
			productName = "LalsinghaniNirav-HW10";
			productReference = 5D8E08702564887F00AC6ADF /* LalsinghaniNirav-HW10.app */;
			productType = "com.apple.product-type.application";
		};
		5D8E08852564888200AC6ADF /* LalsinghaniNirav-HW10Tests */ = {
			isa = PBXNativeTarget;
			buildConfigurationList = 5D8E089D2564888200AC6ADF /* Build configuration list for PBXNativeTarget "LalsinghaniNirav-HW10Tests" */;
			buildPhases = (
				5D8E08822564888200AC6ADF /* Sources */,
				5D8E08832564888200AC6ADF /* Frameworks */,
				5D8E08842564888200AC6ADF /* Resources */,
			);
			buildRules = (
			);
			dependencies = (
				5D8E08882564888200AC6ADF /* PBXTargetDependency */,
			);
			name = "LalsinghaniNirav-HW10Tests";
			productName = "LalsinghaniNirav-HW10Tests";
			productReference = 5D8E08862564888200AC6ADF /* LalsinghaniNirav-HW10Tests.xctest */;
			productType = "com.apple.product-type.bundle.unit-test";
		};
		5D8E08902564888200AC6ADF /* LalsinghaniNirav-HW10UITests */ = {
			isa = PBXNativeTarget;
			buildConfigurationList = 5D8E08A02564888200AC6ADF /* Build configuration list for PBXNativeTarget "LalsinghaniNirav-HW10UITests" */;
			buildPhases = (
				5D8E088D2564888200AC6ADF /* Sources */,
				5D8E088E2564888200AC6ADF /* Frameworks */,
				5D8E088F2564888200AC6ADF /* Resources */,
			);
			buildRules = (
			);
			dependencies = (
				5D8E08932564888200AC6ADF /* PBXTargetDependency */,
			);
			name = "LalsinghaniNirav-HW10UITests";
			productName = "LalsinghaniNirav-HW10UITests";
			productReference = 5D8E08912564888200AC6ADF /* LalsinghaniNirav-HW10UITests.xctest */;
			productType = "com.apple.product-type.bundle.ui-testing";
		};
/* End PBXNativeTarget section */

/* Begin PBXProject section */
		5D8E08682564887F00AC6ADF /* Project object */ = {
			isa = PBXProject;
			attributes = {
				LastSwiftUpdateCheck = 1200;
				LastUpgradeCheck = 1200;
				TargetAttributes = {
					5D8E086F2564887F00AC6ADF = {
						CreatedOnToolsVersion = 12.0.1;
					};
					5D8E08852564888200AC6ADF = {
						CreatedOnToolsVersion = 12.0.1;
						TestTargetID = 5D8E086F2564887F00AC6ADF;
					};
					5D8E08902564888200AC6ADF = {
						CreatedOnToolsVersion = 12.0.1;
						TestTargetID = 5D8E086F2564887F00AC6ADF;
					};
				};
			};
			buildConfigurationList = 5D8E086B2564887F00AC6ADF /* Build configuration list for PBXProject "LalsinghaniNirav-HW10" */;
			compatibilityVersion = "Xcode 9.3";
			developmentRegion = en;
			hasScannedForEncodings = 0;
			knownRegions = (
				en,
				Base,
			);
			mainGroup = 5D8E08672564887F00AC6ADF;
			productRefGroup = 5D8E08712564887F00AC6ADF /* Products */;
			projectDirPath = "";
			projectRoot = "";
			targets = (
				5D8E086F2564887F00AC6ADF /* LalsinghaniNirav-HW10 */,
				5D8E08852564888200AC6ADF /* LalsinghaniNirav-HW10Tests */,
				5D8E08902564888200AC6ADF /* LalsinghaniNirav-HW10UITests */,
			);
		};
/* End PBXProject section */

/* Begin PBXResourcesBuildPhase section */
		5D8E086E2564887F00AC6ADF /* Resources */ = {
			isa = PBXResourcesBuildPhase;
			buildActionMask = 2147483647;
			files = (
				5D8E08802564888200AC6ADF /* LaunchScreen.storyboard in Resources */,
				5D8E087D2564888200AC6ADF /* Preview Assets.xcassets in Resources */,
				5D8E087A2564888200AC6ADF /* Assets.xcassets in Resources */,
			);
			runOnlyForDeploymentPostprocessing = 0;
		};
		5D8E08842564888200AC6ADF /* Resources */ = {
			isa = PBXResourcesBuildPhase;
			buildActionMask = 2147483647;
			files = (
			);
			runOnlyForDeploymentPostprocessing = 0;
		};
		5D8E088F2564888200AC6ADF /* Resources */ = {
			isa = PBXResourcesBuildPhase;
			buildActionMask = 2147483647;
			files = (
			);
			runOnlyForDeploymentPostprocessing = 0;
		};
/* End PBXResourcesBuildPhase section */

/* Begin PBXSourcesBuildPhase section */
		5D8E086C2564887F00AC6ADF /* Sources */ = {
			isa = PBXSourcesBuildPhase;
			buildActionMask = 2147483647;
			files = (
				5D8E08742564887F00AC6ADF /* AppDelegate.swift in Sources */,
				5D8E08762564887F00AC6ADF /* SceneDelegate.swift in Sources */,
				5D8E08782564887F00AC6ADF /* ContentView.swift in Sources */,
			);
			runOnlyForDeploymentPostprocessing = 0;
		};
		5D8E08822564888200AC6ADF /* Sources */ = {
			isa = PBXSourcesBuildPhase;
			buildActionMask = 2147483647;
			files = (
				5D8E088B2564888200AC6ADF /* LalsinghaniNirav_HW10Tests.swift in Sources */,
			);
			runOnlyForDeploymentPostprocessing = 0;
		};
		5D8E088D2564888200AC6ADF /* Sources */ = {
			isa = PBXSourcesBuildPhase;
			buildActionMask = 2147483647;
			files = (
				5D8E08962564888200AC6ADF /* LalsinghaniNirav_HW10UITests.swift in Sources */,
			);
			runOnlyForDeploymentPostprocessing = 0;
		};
/* End PBXSourcesBuildPhase section */

/* Begin PBXTargetDependency section */
		5D8E08882564888200AC6ADF /* PBXTargetDependency */ = {
			isa = PBXTargetDependency;
			target = 5D8E086F2564887F00AC6ADF /* LalsinghaniNirav-HW10 */;
			targetProxy = 5D8E08872564888200AC6ADF /* PBXContainerItemProxy */;
		};
		5D8E08932564888200AC6ADF /* PBXTargetDependency */ = {
			isa = PBXTargetDependency;
			target = 5D8E086F2564887F00AC6ADF /* LalsinghaniNirav-HW10 */;
			targetProxy = 5D8E08922564888200AC6ADF /* PBXContainerItemProxy */;
		};
/* End PBXTargetDependency section */

/* Begin PBXVariantGroup section */
		5D8E087E2564888200AC6ADF /* LaunchScreen.storyboard */ = {
			isa = PBXVariantGroup;
			children = (
				5D8E087F2564888200AC6ADF /* Base */,
			);
			name = LaunchScreen.storyboard;
			sourceTree = "<group>";
		};
/* End PBXVariantGroup section */

/* Begin XCBuildConfiguration section */
		5D8E08982564888200AC6ADF /* Debug */ = {
			isa = XCBuildConfiguration;
			buildSettings = {
				ALWAYS_SEARCH_USER_PATHS = NO;
				CLANG_ANALYZER_NONNULL = YES;
				CLANG_ANALYZER_NUMBER_OBJECT_CONVERSION = YES_AGGRESSIVE;
				CLANG_CXX_LANGUAGE_STANDARD = "gnu++14";
				CLANG_CXX_LIBRARY = "libc++";
				CLANG_ENABLE_MODULES = YES;
				CLANG_ENABLE_OBJC_ARC = YES;
				CLANG_ENABLE_OBJC_WEAK = YES;
				CLANG_WARN_BLOCK_CAPTURE_AUTORELEASING = YES;
				CLANG_WARN_BOOL_CONVERSION = YES;
				CLANG_WARN_COMMA = YES;
				CLANG_WARN_CONSTANT_CONVERSION = YES;
				CLANG_WARN_DEPRECATED_OBJC_IMPLEMENTATIONS = YES;
				CLANG_WARN_DIRECT_OBJC_ISA_USAGE = YES_ERROR;
				CLANG_WARN_DOCUMENTATION_COMMENTS = YES;
				CLANG_WARN_EMPTY_BODY = YES;
				CLANG_WARN_ENUM_CONVERSION = YES;
				CLANG_WARN_INFINITE_RECURSION = YES;
				CLANG_WARN_INT_CONVERSION = YES;
				CLANG_WARN_NON_LITERAL_NULL_CONVERSION = YES;
				CLANG_WARN_OBJC_IMPLICIT_RETAIN_SELF = YES;
				CLANG_WARN_OBJC_LITERAL_CONVERSION = YES;
				CLANG_WARN_OBJC_ROOT_CLASS = YES_ERROR;
				CLANG_WARN_QUOTED_INCLUDE_IN_FRAMEWORK_HEADER = YES;
				CLANG_WARN_RANGE_LOOP_ANALYSIS = YES;
				CLANG_WARN_STRICT_PROTOTYPES = YES;
				CLANG_WARN_SUSPICIOUS_MOVE = YES;
				CLANG_WARN_UNGUARDED_AVAILABILITY = YES_AGGRESSIVE;
				CLANG_WARN_UNREACHABLE_CODE = YES;
				CLANG_WARN__DUPLICATE_METHOD_MATCH = YES;
				COPY_PHASE_STRIP = NO;
				DEBUG_INFORMATION_FORMAT = dwarf;
				ENABLE_STRICT_OBJC_MSGSEND = YES;
				ENABLE_TESTABILITY = YES;
				GCC_C_LANGUAGE_STANDARD = gnu11;
				GCC_DYNAMIC_NO_PIC = NO;
				GCC_NO_COMMON_BLOCKS = YES;
				GCC_OPTIMIZATION_LEVEL = 0;
				GCC_PREPROCESSOR_DEFINITIONS = (
					"DEBUG=1",
					"$(inherited)",
				);
				GCC_WARN_64_TO_32_BIT_CONVERSION = YES;
				GCC_WARN_ABOUT_RETURN_TYPE = YES_ERROR;
				GCC_WARN_UNDECLARED_SELECTOR = YES;
				GCC_WARN_UNINITIALIZED_AUTOS = YES_AGGRESSIVE;
				GCC_WARN_UNUSED_FUNCTION = YES;
				GCC_WARN_UNUSED_VARIABLE = YES;
				IPHONEOS_DEPLOYMENT_TARGET = 14.0;
				MTL_ENABLE_DEBUG_INFO = INCLUDE_SOURCE;
				MTL_FAST_MATH = YES;
				ONLY_ACTIVE_ARCH = YES;
				SDKROOT = iphoneos;
				SWIFT_ACTIVE_COMPILATION_CONDITIONS = DEBUG;
				SWIFT_OPTIMIZATION_LEVEL = "-Onone";
			};
			name = Debug;
		};
		5D8E08992564888200AC6ADF /* Release */ = {
			isa = XCBuildConfiguration;
			buildSettings = {
				ALWAYS_SEARCH_USER_PATHS = NO;
				CLANG_ANALYZER_NONNULL = YES;
				CLANG_ANALYZER_NUMBER_OBJECT_CONVERSION = YES_AGGRESSIVE;
				CLANG_CXX_LANGUAGE_STANDARD = "gnu++14";
				CLANG_CXX_LIBRARY = "libc++";
				CLANG_ENABLE_MODULES = YES;
				CLANG_ENABLE_OBJC_ARC = YES;
				CLANG_ENABLE_OBJC_WEAK = YES;
				CLANG_WARN_BLOCK_CAPTURE_AUTORELEASING = YES;
				CLANG_WARN_BOOL_CONVERSION = YES;
				CLANG_WARN_COMMA = YES;
				CLANG_WARN_CONSTANT_CONVERSION = YES;
				CLANG_WARN_DEPRECATED_OBJC_IMPLEMENTATIONS = YES;
				CLANG_WARN_DIRECT_OBJC_ISA_USAGE = YES_ERROR;
				CLANG_WARN_DOCUMENTATION_COMMENTS = YES;
				CLANG_WARN_EMPTY_BODY = YES;
				CLANG_WARN_ENUM_CONVERSION = YES;
				CLANG_WARN_INFINITE_RECURSION = YES;
				CLANG_WARN_INT_CONVERSION = YES;
				CLANG_WARN_NON_LITERAL_NULL_CONVERSION = YES;
				CLANG_WARN_OBJC_IMPLICIT_RETAIN_SELF = YES;
				CLANG_WARN_OBJC_LITERAL_CONVERSION = YES;
				CLANG_WARN_OBJC_ROOT_CLASS = YES_ERROR;
				CLANG_WARN_QUOTED_INCLUDE_IN_FRAMEWORK_HEADER = YES;
				CLANG_WARN_RANGE_LOOP_ANALYSIS = YES;
				CLANG_WARN_STRICT_PROTOTYPES = YES;
				CLANG_WARN_SUSPICIOUS_MOVE = YES;
				CLANG_WARN_UNGUARDED_AVAILABILITY = YES_AGGRESSIVE;
				CLANG_WARN_UNREACHABLE_CODE = YES;
				CLANG_WARN__DUPLICATE_METHOD_MATCH = YES;
				COPY_PHASE_STRIP = NO;
				DEBUG_INFORMATION_FORMAT = "dwarf-with-dsym";
				ENABLE_NS_ASSERTIONS = NO;
				ENABLE_STRICT_OBJC_MSGSEND = YES;
				GCC_C_LANGUAGE_STANDARD = gnu11;
				GCC_NO_COMMON_BLOCKS = YES;
				GCC_WARN_64_TO_32_BIT_CONVERSION = YES;
				GCC_WARN_ABOUT_RETURN_TYPE = YES_ERROR;
				GCC_WARN_UNDECLARED_SELECTOR = YES;
				GCC_WARN_UNINITIALIZED_AUTOS = YES_AGGRESSIVE;
				GCC_WARN_UNUSED_FUNCTION = YES;
				GCC_WARN_UNUSED_VARIABLE = YES;
				IPHONEOS_DEPLOYMENT_TARGET = 14.0;
				MTL_ENABLE_DEBUG_INFO = NO;
				MTL_FAST_MATH = YES;
				SDKROOT = iphoneos;
				SWIFT_COMPILATION_MODE = wholemodule;
				SWIFT_OPTIMIZATION_LEVEL = "-O";
				VALIDATE_PRODUCT = YES;
			};
			name = Release;
		};
		5D8E089B2564888200AC6ADF /* Debug */ = {
			isa = XCBuildConfiguration;
			buildSettings = {
				ASSETCATALOG_COMPILER_APPICON_NAME = AppIcon;
				ASSETCATALOG_COMPILER_GLOBAL_ACCENT_COLOR_NAME = AccentColor;
				CODE_SIGN_STYLE = Automatic;
				DEVELOPMENT_ASSET_PATHS = "\"LalsinghaniNirav-HW10/Preview Content\"";
				ENABLE_PREVIEWS = YES;
				INFOPLIST_FILE = "LalsinghaniNirav-HW10/Info.plist";
				LD_RUNPATH_SEARCH_PATHS = (
					"$(inherited)",
					"@executable_path/Frameworks",
				);
				PRODUCT_BUNDLE_IDENTIFIER = "nvl225.LalsinghaniNirav-HW10";
				PRODUCT_NAME = "$(TARGET_NAME)";
				SWIFT_VERSION = 5.0;
				TARGETED_DEVICE_FAMILY = "1,2";
			};
			name = Debug;
		};
		5D8E089C2564888200AC6ADF /* Release */ = {
			isa = XCBuildConfiguration;
			buildSettings = {
				ASSETCATALOG_COMPILER_APPICON_NAME = AppIcon;
				ASSETCATALOG_COMPILER_GLOBAL_ACCENT_COLOR_NAME = AccentColor;
				CODE_SIGN_STYLE = Automatic;
				DEVELOPMENT_ASSET_PATHS = "\"LalsinghaniNirav-HW10/Preview Content\"";
				ENABLE_PREVIEWS = YES;
				INFOPLIST_FILE = "LalsinghaniNirav-HW10/Info.plist";
				LD_RUNPATH_SEARCH_PATHS = (
					"$(inherited)",
					"@executable_path/Frameworks",
				);
				PRODUCT_BUNDLE_IDENTIFIER = "nvl225.LalsinghaniNirav-HW10";
				PRODUCT_NAME = "$(TARGET_NAME)";
				SWIFT_VERSION = 5.0;
				TARGETED_DEVICE_FAMILY = "1,2";
			};
			name = Release;
		};
		5D8E089E2564888200AC6ADF /* Debug */ = {
			isa = XCBuildConfiguration;
			buildSettings = {
				ALWAYS_EMBED_SWIFT_STANDARD_LIBRARIES = YES;
				BUNDLE_LOADER = "$(TEST_HOST)";
				CODE_SIGN_STYLE = Automatic;
				INFOPLIST_FILE = "LalsinghaniNirav-HW10Tests/Info.plist";
				IPHONEOS_DEPLOYMENT_TARGET = 14.0;
				LD_RUNPATH_SEARCH_PATHS = (
					"$(inherited)",
					"@executable_path/Frameworks",
					"@loader_path/Frameworks",
				);
				PRODUCT_BUNDLE_IDENTIFIER = "nvl225.LalsinghaniNirav-HW10Tests";
				PRODUCT_NAME = "$(TARGET_NAME)";
				SWIFT_VERSION = 5.0;
				TARGETED_DEVICE_FAMILY = "1,2";
				TEST_HOST = "$(BUILT_PRODUCTS_DIR)/LalsinghaniNirav-HW10.app/LalsinghaniNirav-HW10";
			};
			name = Debug;
		};
		5D8E089F2564888200AC6ADF /* Release */ = {
			isa = XCBuildConfiguration;
			buildSettings = {
				ALWAYS_EMBED_SWIFT_STANDARD_LIBRARIES = YES;
				BUNDLE_LOADER = "$(TEST_HOST)";
				CODE_SIGN_STYLE = Automatic;
				INFOPLIST_FILE = "LalsinghaniNirav-HW10Tests/Info.plist";
				IPHONEOS_DEPLOYMENT_TARGET = 14.0;
				LD_RUNPATH_SEARCH_PATHS = (
					"$(inherited)",
					"@executable_path/Frameworks",
					"@loader_path/Frameworks",
				);
				PRODUCT_BUNDLE_IDENTIFIER = "nvl225.LalsinghaniNirav-HW10Tests";
				PRODUCT_NAME = "$(TARGET_NAME)";
				SWIFT_VERSION = 5.0;
				TARGETED_DEVICE_FAMILY = "1,2";
				TEST_HOST = "$(BUILT_PRODUCTS_DIR)/LalsinghaniNirav-HW10.app/LalsinghaniNirav-HW10";
			};
			name = Release;
		};
		5D8E08A12564888200AC6ADF /* Debug */ = {
			isa = XCBuildConfiguration;
			buildSettings = {
				ALWAYS_EMBED_SWIFT_STANDARD_LIBRARIES = YES;
				CODE_SIGN_STYLE = Automatic;
				INFOPLIST_FILE = "LalsinghaniNirav-HW10UITests/Info.plist";
				LD_RUNPATH_SEARCH_PATHS = (
					"$(inherited)",
					"@executable_path/Frameworks",
					"@loader_path/Frameworks",
				);
				PRODUCT_BUNDLE_IDENTIFIER = "nvl225.LalsinghaniNirav-HW10UITests";
				PRODUCT_NAME = "$(TARGET_NAME)";
				SWIFT_VERSION = 5.0;
				TARGETED_DEVICE_FAMILY = "1,2";
				TEST_TARGET_NAME = "LalsinghaniNirav-HW10";
			};
			name = Debug;
		};
		5D8E08A22564888200AC6ADF /* Release */ = {
			isa = XCBuildConfiguration;
			buildSettings = {
				ALWAYS_EMBED_SWIFT_STANDARD_LIBRARIES = YES;
				CODE_SIGN_STYLE = Automatic;
				INFOPLIST_FILE = "LalsinghaniNirav-HW10UITests/Info.plist";
				LD_RUNPATH_SEARCH_PATHS = (
					"$(inherited)",
					"@executable_path/Frameworks",
					"@loader_path/Frameworks",
				);
				PRODUCT_BUNDLE_IDENTIFIER = "nvl225.LalsinghaniNirav-HW10UITests";
				PRODUCT_NAME = "$(TARGET_NAME)";
				SWIFT_VERSION = 5.0;
				TARGETED_DEVICE_FAMILY = "1,2";
				TEST_TARGET_NAME = "LalsinghaniNirav-HW10";
			};
			name = Release;
		};
/* End XCBuildConfiguration section */

/* Begin XCConfigurationList section */
		5D8E086B2564887F00AC6ADF /* Build configuration list for PBXProject "LalsinghaniNirav-HW10" */ = {
			isa = XCConfigurationList;
			buildConfigurations = (
				5D8E08982564888200AC6ADF /* Debug */,
				5D8E08992564888200AC6ADF /* Release */,
			);
			defaultConfigurationIsVisible = 0;
			defaultConfigurationName = Release;
		};
		5D8E089A2564888200AC6ADF /* Build configuration list for PBXNativeTarget "LalsinghaniNirav-HW10" */ = {
			isa = XCConfigurationList;
			buildConfigurations = (
				5D8E089B2564888200AC6ADF /* Debug */,
				5D8E089C2564888200AC6ADF /* Release */,
			);
			defaultConfigurationIsVisible = 0;
			defaultConfigurationName = Release;
		};
		5D8E089D2564888200AC6ADF /* Build configuration list for PBXNativeTarget "LalsinghaniNirav-HW10Tests" */ = {
			isa = XCConfigurationList;
			buildConfigurations = (
				5D8E089E2564888200AC6ADF /* Debug */,
				5D8E089F2564888200AC6ADF /* Release */,
			);
			defaultConfigurationIsVisible = 0;
			defaultConfigurationName = Release;
		};
		5D8E08A02564888200AC6ADF /* Build configuration list for PBXNativeTarget "LalsinghaniNirav-HW10UITests" */ = {
			isa = XCConfigurationList;
			buildConfigurations = (
				5D8E08A12564888200AC6ADF /* Debug */,
				5D8E08A22564888200AC6ADF /* Release */,
			);
			defaultConfigurationIsVisible = 0;
			defaultConfigurationName = Release;
		};
/* End XCConfigurationList section */
	};
	rootObject = 5D8E08682564887F00AC6ADF /* Project object */;
}
